{
  "name": "stream-file-type",
  "version": "0.1.1",
  "lockfileVersion": 1,
  "requires": true,
  "dependencies": {
    "file-type": {
      "version": "10.0.0",
      "resolved": "https://registry.npmjs.org/file-type/-/file-type-10.0.0.tgz",
      "integrity": "sha512-lKSLYIUQpx+HkWbnBEbW+GEcK1gYLwvlFp8i91yjzKGZD36tmZJ2Yl0f65umHWN6XlUWu+Jr56a4sYP7M/qmnw=="
    }
  }
}
